// !$*UTF8*$!
{
	archiveVersion = 1;
	classes = {
	};
	objectVersion = 46;
	objects = {

/* Begin PBXBuildFile section */
		D558E4D41952162300BFB536 /* Foundation.framework in Frameworks */ = {isa = PBXBuildFile; fileRef = D558E4D31952162300BFB536 /* Foundation.framework */; };
		D558E4D61952162300BFB536 /* CoreGraphics.framework in Frameworks */ = {isa = PBXBuildFile; fileRef = D558E4D51952162300BFB536 /* CoreGraphics.framework */; };
		D558E4D81952162300BFB536 /* UIKit.framework in Frameworks */ = {isa = PBXBuildFile; fileRef = D558E4D71952162300BFB536 /* UIKit.framework */; };
		D558E4DE1952162300BFB536 /* InfoPlist.strings in Resources */ = {isa = PBXBuildFile; fileRef = D558E4DC1952162300BFB536 /* InfoPlist.strings */; };
		D558E4E01952162300BFB536 /* main.m in Sources */ = {isa = PBXBuildFile; fileRef = D558E4DF1952162300BFB536 /* main.m */; };
		D558E4E41952162300BFB536 /* MBFAppDelegate.m in Sources */ = {isa = PBXBuildFile; fileRef = D558E4E31952162300BFB536 /* MBFAppDelegate.m */; };
		D558E4E71952162300BFB536 /* Main.storyboard in Resources */ = {isa = PBXBuildFile; fileRef = D558E4E51952162300BFB536 /* Main.storyboard */; };
		D558E4EA1952162300BFB536 /* MBFViewController.m in Sources */ = {isa = PBXBuildFile; fileRef = D558E4E91952162300BFB536 /* MBFViewController.m */; };
		D558E4EC1952162300BFB536 /* Images.xcassets in Resources */ = {isa = PBXBuildFile; fileRef = D558E4EB1952162300BFB536 /* Images.xcassets */; };
		D558E4F31952162400BFB536 /* XCTest.framework in Frameworks */ = {isa = PBXBuildFile; fileRef = D558E4F21952162400BFB536 /* XCTest.framework */; };
		D558E4F41952162400BFB536 /* Foundation.framework in Frameworks */ = {isa = PBXBuildFile; fileRef = D558E4D31952162300BFB536 /* Foundation.framework */; };
		D558E4F51952162400BFB536 /* UIKit.framework in Frameworks */ = {isa = PBXBuildFile; fileRef = D558E4D71952162300BFB536 /* UIKit.framework */; };
		D558E4FD1952162400BFB536 /* InfoPlist.strings in Resources */ = {isa = PBXBuildFile; fileRef = D558E4FB1952162400BFB536 /* InfoPlist.strings */; };
		D558E4FF1952162400BFB536 /* GitTestTests.m in Sources */ = {isa = PBXBuildFile; fileRef = D558E4FE1952162400BFB536 /* GitTestTests.m */; };
/* End PBXBuildFile section */

/* Begin PBXContainerItemProxy section */
		D558E4F61952162400BFB536 /* PBXContainerItemProxy */ = {
			isa = PBXContainerItemProxy;
			containerPortal = D558E4C81952162300BFB536 /* Project object */;
			proxyType = 1;
			remoteGlobalIDString = D558E4CF1952162300BFB536;
			remoteInfo = GitTest;
		};
/* End PBXContainerItemProxy section */

/* Begin PBXFileReference section */
		D558E4D01952162300BFB536 /* GitTest.app */ = {isa = PBXFileReference; explicitFileType = wrapper.application; includeInIndex = 0; path = GitTest.app; sourceTree = BUILT_PRODUCTS_DIR; };
		D558E4D31952162300BFB536 /* Foundation.framework */ = {isa = PBXFileReference; lastKnownFileType = wrapper.framework; name = Foundation.framework; path = System/Library/Frameworks/Foundation.framework; sourceTree = SDKROOT; };
		D558E4D51952162300BFB536 /* CoreGraphics.framework */ = {isa = PBXFileReference; lastKnownFileType = wrapper.framework; name = CoreGraphics.framework; path = System/Library/Frameworks/CoreGraphics.framework; sourceTree = SDKROOT; };
		D558E4D71952162300BFB536 /* UIKit.framework */ = {isa = PBXFileReference; lastKnownFileType = wrapper.framework; name = UIKit.framework; path = System/Library/Frameworks/UIKit.framework; sourceTree = SDKROOT; };
		D558E4DB1952162300BFB536 /* GitTest-Info.plist */ = {isa = PBXFileReference; lastKnownFileType = text.plist.xml; path = "GitTest-Info.plist"; sourceTree = "<group>"; };
		D558E4DD1952162300BFB536 /* en */ = {isa = PBXFileReference; lastKnownFileType = text.plist.strings; name = en; path = en.lproj/InfoPlist.strings; sourceTree = "<group>"; };
		D558E4DF1952162300BFB536 /* main.m */ = {isa = PBXFileReference; lastKnownFileType = sourcecode.c.objc; path = main.m; sourceTree = "<group>"; };
		D558E4E11952162300BFB536 /* GitTest-Prefix.pch */ = {isa = PBXFileReference; lastKnownFileType = sourcecode.c.h; path = "GitTest-Prefix.pch"; sourceTree = "<group>"; };
		D558E4E21952162300BFB536 /* MBFAppDelegate.h */ = {isa = PBXFileReference; lastKnownFileType = sourcecode.c.h; path = MBFAppDelegate.h; sourceTree = "<group>"; };
		D558E4E31952162300BFB536 /* MBFAppDelegate.m */ = {isa = PBXFileReference; lastKnownFileType = sourcecode.c.objc; path = MBFAppDelegate.m; sourceTree = "<group>"; };
		D558E4E61952162300BFB536 /* Base */ = {isa = PBXFileReference; lastKnownFileType = file.storyboard; name = Base; path = Base.lproj/Main.storyboard; sourceTree = "<group>"; };
		D558E4E81952162300BFB536 /* MBFViewController.h */ = {isa = PBXFileReference; lastKnownFileType = sourcecode.c.h; path = MBFViewController.h; sourceTree = "<group>"; };
		D558E4E91952162300BFB536 /* MBFViewController.m */ = {isa = PBXFileReference; lastKnownFileType = sourcecode.c.objc; path = MBFViewController.m; sourceTree = "<group>"; };
		D558E4EB1952162300BFB536 /* Images.xcassets */ = {isa = PBXFileReference; lastKnownFileType = folder.assetcatalog; path = Images.xcassets; sourceTree = "<group>"; };
		D558E4F11952162400BFB536 /* GitTestTests.xctest */ = {isa = PBXFileReference; explicitFileType = wrapper.cfbundle; includeInIndex = 0; path = GitTestTests.xctest; sourceTree = BUILT_PRODUCTS_DIR; };
		D558E4F21952162400BFB536 /* XCTest.framework */ = {isa = PBXFileReference; lastKnownFileType = wrapper.framework; name = XCTest.framework; path = Library/Frameworks/XCTest.framework; sourceTree = DEVELOPER_DIR; };
		D558E4FA1952162400BFB536 /* GitTestTests-Info.plist */ = {isa = PBXFileReference; lastKnownFileType = text.plist.xml; path = "GitTestTests-Info.plist"; sourceTree = "<group>"; };
		D558E4FC1952162400BFB536 /* en */ = {isa = PBXFileReference; lastKnownFileType = text.plist.strings; name = en; path = en.lproj/InfoPlist.strings; sourceTree = "<group>"; };
		D558E4FE1952162400BFB536 /* GitTestTests.m */ = {isa = PBXFileReference; lastKnownFileType = sourcecode.c.objc; path = GitTestTests.m; sourceTree = "<group>"; };
/* End PBXFileReference section */

/* Begin PBXFrameworksBuildPhase section */
		D558E4CD1952162300BFB536 /* Frameworks */ = {
			isa = PBXFrameworksBuildPhase;
			buildActionMask = 2147483647;
			files = (
				D558E4D61952162300BFB536 /* CoreGraphics.framework in Frameworks */,
				D558E4D81952162300BFB536 /* UIKit.framework in Frameworks */,
				D558E4D41952162300BFB536 /* Foundation.framework in Frameworks */,
			);
			runOnlyForDeploymentPostprocessing = 0;
		};
		D558E4EE1952162300BFB536 /* Frameworks */ = {
			isa = PBXFrameworksBuildPhase;
			buildActionMask = 2147483647;
			files = (
				D558E4F31952162400BFB536 /* XCTest.framework in Frameworks */,
				D558E4F51952162400BFB536 /* UIKit.framework in Frameworks */,
				D558E4F41952162400BFB536 /* Foundation.framework in Frameworks */,
			);
			runOnlyForDeploymentPostprocessing = 0;
		};
/* End PBXFrameworksBuildPhase section */

/* Begin PBXGroup section */
		D558E4C71952162300BFB536 = {
			isa = PBXGroup;
			children = (
				D558E4D91952162300BFB536 /* GitTest */,
				D558E4F81952162400BFB536 /* GitTestTests */,
				D558E4D21952162300BFB536 /* Frameworks */,
				D558E4D11952162300BFB536 /* Products */,
			);
			sourceTree = "<group>";
		};
		D558E4D11952162300BFB536 /* Products */ = {
			isa = PBXGroup;
			children = (
				D558E4D01952162300BFB536 /* GitTest.app */,
				D558E4F11952162400BFB536 /* GitTestTests.xctest */,
			);
			name = Products;
			sourceTree = "<group>";
		};
		D558E4D21952162300BFB536 /* Frameworks */ = {
			isa = PBXGroup;
			children = (
				D558E4D31952162300BFB536 /* Foundation.framework */,
				D558E4D51952162300BFB536 /* CoreGraphics.framework */,
				D558E4D71952162300BFB536 /* UIKit.framework */,
				D558E4F21952162400BFB536 /* XCTest.framework */,
			);
			name = Frameworks;
			sourceTree = "<group>";
		};
		D558E4D91952162300BFB536 /* GitTest */ = {
			isa = PBXGroup;
			children = (
				D558E4E21952162300BFB536 /* MBFAppDelegate.h */,
				D558E4E31952162300BFB536 /* MBFAppDelegate.m */,
				D558E4E51952162300BFB536 /* Main.storyboard */,
				D558E4E81952162300BFB536 /* MBFViewController.h */,
				D558E4E91952162300BFB536 /* MBFViewController.m */,
				D558E4EB1952162300BFB536 /* Images.xcassets */,
				D558E4DA1952162300BFB536 /* Supporting Files */,
			);
			path = GitTest;
			sourceTree = "<group>";
		};
		D558E4DA1952162300BFB536 /* Supporting Files */ = {
			isa = PBXGroup;
			children = (
				D558E4DB1952162300BFB536 /* GitTest-Info.plist */,
				D558E4DC1952162300BFB536 /* InfoPlist.strings */,
				D558E4DF1952162300BFB536 /* main.m */,
				D558E4E11952162300BFB536 /* GitTest-Prefix.pch */,
			);
			name = "Supporting Files";
			sourceTree = "<group>";
		};
		D558E4F81952162400BFB536 /* GitTestTests */ = {
			isa = PBXGroup;
			children = (
				D558E4FE1952162400BFB536 /* GitTestTests.m */,
				D558E4F91952162400BFB536 /* Supporting Files */,
			);
			path = GitTestTests;
			sourceTree = "<group>";
		};
		D558E4F91952162400BFB536 /* Supporting Files */ = {
			isa = PBXGroup;
			children = (
				D558E4FA1952162400BFB536 /* GitTestTests-Info.plist */,
				D558E4FB1952162400BFB536 /* InfoPlist.strings */,
			);
			name = "Supporting Files";
			sourceTree = "<group>";
		};
/* End PBXGroup section */

/* Begin PBXNativeTarget section */
		D558E4CF1952162300BFB536 /* GitTest */ = {
			isa = PBXNativeTarget;
			buildConfigurationList = D558E5021952162400BFB536 /* Build configuration list for PBXNativeTarget "GitTest" */;
			buildPhases = (
				D558E4CC1952162300BFB536 /* Sources */,
				D558E4CD1952162300BFB536 /* Frameworks */,
				D558E4CE1952162300BFB536 /* Resources */,
			);
			buildRules = (
			);
			dependencies = (
			);
			name = GitTest;
			productName = GitTest;
			productReference = D558E4D01952162300BFB536 /* GitTest.app */;
			productType = "com.apple.product-type.application";
		};
		D558E4F01952162300BFB536 /* GitTestTests */ = {
			isa = PBXNativeTarget;
			buildConfigurationList = D558E5051952162400BFB536 /* Build configuration list for PBXNativeTarget "GitTestTests" */;
			buildPhases = (
				D558E4ED1952162300BFB536 /* Sources */,
				D558E4EE1952162300BFB536 /* Frameworks */,
				D558E4EF1952162300BFB536 /* Resources */,
			);
			buildRules = (
			);
			dependencies = (
				D558E4F71952162400BFB536 /* PBXTargetDependency */,
			);
			name = GitTestTests;
			productName = GitTestTests;
			productReference = D558E4F11952162400BFB536 /* GitTestTests.xctest */;
			productType = "com.apple.product-type.bundle.unit-test";
		};
/* End PBXNativeTarget section */

/* Begin PBXProject section */
		D558E4C81952162300BFB536 /* Project object */ = {
			isa = PBXProject;
			attributes = {
				CLASSPREFIX = MBF;
				LastUpgradeCheck = 0510;
				ORGANIZATIONNAME = "___FULLUSERNAME___";
				TargetAttributes = {
					D558E4F01952162300BFB536 = {
						TestTargetID = D558E4CF1952162300BFB536;
					};
				};
			};
			buildConfigurationList = D558E4CB1952162300BFB536 /* Build configuration list for PBXProject "GitTest" */;
			compatibilityVersion = "Xcode 3.2";
			developmentRegion = English;
			hasScannedForEncodings = 0;
			knownRegions = (
				en,
				Base,
			);
			mainGroup = D558E4C71952162300BFB536;
			productRefGroup = D558E4D11952162300BFB536 /* Products */;
			projectDirPath = "";
			projectRoot = "";
			targets = (
				D558E4CF1952162300BFB536 /* GitTest */,
				D558E4F01952162300BFB536 /* GitTestTests */,
			);
		};
/* End PBXProject section */

/* Begin PBXResourcesBuildPhase section */
		D558E4CE1952162300BFB536 /* Resources */ = {
			isa = PBXResourcesBuildPhase;
			buildActionMask = 2147483647;
			files = (
				D558E4EC1952162300BFB536 /* Images.xcassets in Resources */,
				D558E4DE1952162300BFB536 /* InfoPlist.strings in Resources */,
				D558E4E71952162300BFB536 /* Main.storyboard in Resources */,
			);
			runOnlyForDeploymentPostprocessing = 0;
		};
		D558E4EF1952162300BFB536 /* Resources */ = {
			isa = PBXResourcesBuildPhase;
			buildActionMask = 2147483647;
			files = (
				D558E4FD1952162400BFB536 /* InfoPlist.strings in Resources */,
			);
			runOnlyForDeploymentPostprocessing = 0;
		};
/* End PBXResourcesBuildPhase section */

/* Begin PBXSourcesBuildPhase section */
		D558E4CC1952162300BFB536 /* Sources */ = {
			isa = PBXSourcesBuildPhase;
			buildActionMask = 2147483647;
			files = (
				D558E4E41952162300BFB536 /* MBFAppDelegate.m in Sources */,
				D558E4EA1952162300BFB536 /* MBFViewController.m in Sources */,
				D558E4E01952162300BFB536 /* main.m in Sources */,
			);
			runOnlyForDeploymentPostprocessing = 0;
		};
		D558E4ED1952162300BFB536 /* Sources */ = {
			isa = PBXSourcesBuildPhase;
			buildActionMask = 2147483647;
			files = (
				D558E4FF1952162400BFB536 /* GitTestTests.m in Sources */,
			);
			runOnlyForDeploymentPostprocessing = 0;
		};
/* End PBXSourcesBuildPhase section */

/* Begin PBXTargetDependency section */
		D558E4F71952162400BFB536 /* PBXTargetDependency */ = {
			isa = PBXTargetDependency;
			target = D558E4CF1952162300BFB536 /* GitTest */;
			targetProxy = D558E4F61952162400BFB536 /* PBXContainerItemProxy */;
		};
/* End PBXTargetDependency section */

/* Begin PBXVariantGroup section */
		D558E4DC1952162300BFB536 /* InfoPlist.strings */ = {
			isa = PBXVariantGroup;
			children = (
				D558E4DD1952162300BFB536 /* en */,
			);
			name = InfoPlist.strings;
			sourceTree = "<group>";
		};
		D558E4E51952162300BFB536 /* Main.storyboard */ = {
			isa = PBXVariantGroup;
			children = (
				D558E4E61952162300BFB536 /* Base */,
			);
			name = Main.storyboard;
			sourceTree = "<group>";
		};
		D558E4FB1952162400BFB536 /* InfoPlist.strings */ = {
			isa = PBXVariantGroup;
			children = (
				D558E4FC1952162400BFB536 /* en */,
			);
			name = InfoPlist.strings;
			sourceTree = "<group>";
		};
/* End PBXVariantGroup section */

/* Begin XCBuildConfiguration section */
		D558E5001952162400BFB536 /* Debug */ = {
			isa = XCBuildConfiguration;
			buildSettings = {
				ALWAYS_SEARCH_USER_PATHS = NO;
				CLANG_CXX_LANGUAGE_STANDARD = "gnu++0x";
				CLANG_CXX_LIBRARY = "libc++";
				CLANG_ENABLE_MODULES = YES;
				CLANG_ENABLE_OBJC_ARC = YES;
				CLANG_WARN_BOOL_CONVERSION = YES;
				CLANG_WARN_CONSTANT_CONVERSION = YES;
				CLANG_WARN_DIRECT_OBJC_ISA_USAGE = YES_ERROR;
				CLANG_WARN_EMPTY_BODY = YES;
				CLANG_WARN_ENUM_CONVERSION = YES;
				CLANG_WARN_INT_CONVERSION = YES;
				CLANG_WARN_OBJC_ROOT_CLASS = YES_ERROR;
				CLANG_WARN__DUPLICATE_METHOD_MATCH = YES;
				"CODE_SIGN_IDENTITY[sdk=iphoneos*]" = "iPhone Developer";
				COPY_PHASE_STRIP = NO;
				GCC_C_LANGUAGE_STANDARD = gnu99;
				GCC_DYNAMIC_NO_PIC = NO;
				GCC_OPTIMIZATION_LEVEL = 0;
				GCC_PREPROCESSOR_DEFINITIONS = (
					"DEBUG=1",
					"$(inherited)",
				);
				GCC_SYMBOLS_PRIVATE_EXTERN = NO;
				GCC_WARN_64_TO_32_BIT_CONVERSION = YES;
				GCC_WARN_ABOUT_RETURN_TYPE = YES_ERROR;
				GCC_WARN_UNDECLARED_SELECTOR = YES;
				GCC_WARN_UNINITIALIZED_AUTOS = YES_AGGRESSIVE;
				GCC_WARN_UNUSED_FUNCTION = YES;
				GCC_WARN_UNUSED_VARIABLE = YES;
				IPHONEOS_DEPLOYMENT_TARGET = 7.1;
				ONLY_ACTIVE_ARCH = YES;
				SDKROOT = iphoneos;
			};
			name = Debug;
		};
		D558E5011952162400BFB536 /* Release */ = {
			isa = XCBuildConfiguration;
			buildSettings = {
				ALWAYS_SEARCH_USER_PATHS = NO;
				CLANG_CXX_LANGUAGE_STANDARD = "gnu++0x";
				CLANG_CXX_LIBRARY = "libc++";
				CLANG_ENABLE_MODULES = YES;
				CLANG_ENABLE_OBJC_ARC = YES;
				CLANG_WARN_BOOL_CONVERSION = YES;
				CLANG_WARN_CONSTANT_CONVERSION = YES;
				CLANG_WARN_DIRECT_OBJC_ISA_USAGE = YES_ERROR;
				CLANG_WARN_EMPTY_BODY = YES;
				CLANG_WARN_ENUM_CONVERSION = YES;
				CLANG_WARN_INT_CONVERSION = YES;
				CLANG_WARN_OBJC_ROOT_CLASS = YES_ERROR;
				CLANG_WARN__DUPLICATE_METHOD_MATCH = YES;
				"CODE_SIGN_IDENTITY[sdk=iphoneos*]" = "iPhone Developer";
				COPY_PHASE_STRIP = YES;
				ENABLE_NS_ASSERTIONS = NO;
				GCC_C_LANGUAGE_STANDARD = gnu99;
				GCC_WARN_64_TO_32_BIT_CONVERSION = YES;
				GCC_WARN_ABOUT_RETURN_TYPE = YES_ERROR;
				GCC_WARN_UNDECLARED_SELECTOR = YES;
				GCC_WARN_UNINITIALIZED_AUTOS = YES_AGGRESSIVE;
				GCC_WARN_UNUSED_FUNCTION = YES;
				GCC_WARN_UNUSED_VARIABLE = YES;
				IPHONEOS_DEPLOYMENT_TARGET = 7.1;
				SDKROOT = iphoneos;
				VALIDATE_PRODUCT = YES;
			};
			name = Release;
		};
		D558E5031952162400BFB536 /* Debug */ = {
			isa = XCBuildConfiguration;
			buildSettings = {
				ASSETCATALOG_COMPILER_APPICON_NAME = AppIcon;
				ASSETCATALOG_COMPILER_LAUNCHIMAGE_NAME = LaunchImage;
				GCC_PRECOMPILE_PREFIX_HEADER = YES;
				GCC_PREFIX_HEADER = "GitTest/GitTest-Prefix.pch";
				INFOPLIST_FILE = "GitTest/GitTest-Info.plist";
				PRODUCT_NAME = "$(TARGET_NAME)";
				WRAPPER_EXTENSION = app;
			};
			name = Debug;
		};
		D558E5041952162400BFB536 /* Release */ = {
			isa = XCBuildConfiguration;
			buildSettings = {
				ASSETCATALOG_COMPILER_APPICON_NAME = AppIcon;
				ASSETCATALOG_COMPILER_LAUNCHIMAGE_NAME = LaunchImage;
				GCC_PRECOMPILE_PREFIX_HEADER = YES;
				GCC_PREFIX_HEADER = "GitTest/GitTest-Prefix.pch";
				INFOPLIST_FILE = "GitTest/GitTest-Info.plist";
				PRODUCT_NAME = "$(TARGET_NAME)";
				WRAPPER_EXTENSION = app;
			};
			name = Release;
		};
		D558E5061952162400BFB536 /* Debug */ = {
			isa = XCBuildConfiguration;
			buildSettings = {
				BUNDLE_LOADER = "$(BUILT_PRODUCTS_DIR)/GitTest.app/GitTest";
				FRAMEWORK_SEARCH_PATHS = (
					"$(SDKROOT)/Developer/Library/Frameworks",
					"$(inherited)",
					"$(DEVELOPER_FRAMEWORKS_DIR)",
				);
				GCC_PRECOMPILE_PREFIX_HEADER = YES;
				GCC_PREFIX_HEADER = "GitTest/GitTest-Prefix.pch";
				GCC_PREPROCESSOR_DEFINITIONS = (
					"DEBUG=1",
					"$(inherited)",
				);
				INFOPLIST_FILE = "GitTestTests/GitTestTests-Info.plist";
				PRODUCT_NAME = "$(TARGET_NAME)";
				TEST_HOST = "$(BUNDLE_LOADER)";
				WRAPPER_EXTENSION = xctest;
			};
			name = Debug;
		};
		D558E5071952162400BFB536 /* Release */ = {
			isa = XCBuildConfiguration;
			buildSettings = {
				BUNDLE_LOADER = "$(BUILT_PRODUCTS_DIR)/GitTest.app/GitTest";
				FRAMEWORK_SEARCH_PATHS = (
					"$(SDKROOT)/Developer/Library/Frameworks",
					"$(inherited)",
					"$(DEVELOPER_FRAMEWORKS_DIR)",
				);
				GCC_PRECOMPILE_PREFIX_HEADER = YES;
				GCC_PREFIX_HEADER = "GitTest/GitTest-Prefix.pch";
				INFOPLIST_FILE = "GitTestTests/GitTestTests-Info.plist";
				PRODUCT_NAME = "$(TARGET_NAME)";
				TEST_HOST = "$(BUNDLE_LOADER)";
				WRAPPER_EXTENSION = xctest;
			};
			name = Release;
		};
/* End XCBuildConfiguration section */

/* Begin XCConfigurationList section */
		D558E4CB1952162300BFB536 /* Build configuration list for PBXProject "GitTest" */ = {
			isa = XCConfigurationList;
			buildConfigurations = (
				D558E5001952162400BFB536 /* Debug */,
				D558E5011952162400BFB536 /* Release */,
			);
			defaultConfigurationIsVisible = 0;
			defaultConfigurationName = Release;
		};
		D558E5021952162400BFB536 /* Build configuration list for PBXNativeTarget "GitTest" */ = {
			isa = XCConfigurationList;
			buildConfigurations = (
				D558E5031952162400BFB536 /* Debug */,
				D558E5041952162400BFB536 /* Release */,
			);
			defaultConfigurationIsVisible = 0;
		};
		D558E5051952162400BFB536 /* Build configuration list for PBXNativeTarget "GitTestTests" */ = {
			isa = XCConfigurationList;
			buildConfigurations = (
				D558E5061952162400BFB536 /* Debug */,
				D558E5071952162400BFB536 /* Release */,
			);
			defaultConfigurationIsVisible = 0;
		};
/* End XCConfigurationList section */
	};
	rootObject = D558E4C81952162300BFB536 /* Project object */;
}
